
Microsoft Visual Studio Solution File, Format Version 12.00
# Visual Studio 15
VisualStudioVersion = 15.0.27004.2005
MinimumVisualStudioVersion = 10.0.40219.1
Project("{9A19103F-16F7-4668-BE54-9A1E7A4F7556}") = "FRP_Solutions", "FRP_Solutions\FRP_Solutions.csproj", "{616A8DD1-2DAA-4A62-AB6A-D143340C64DD}"
EndProject
Project("{FAE04EC0-301F-11D3-BF4B-00C04F79EFBC}") = "ExpressionEvaluator", "ExpressionEvaluator\ExpressionEvaluator.csproj", "{6A8AA5DE-EEB6-4F2A-B584-58AAC6CFBD47}"
EndProject
Project("{FAE04EC0-301F-11D3-BF4B-00C04F79EFBC}") = "IEnumerable_Observable", "IEnumerable_Observable\IEnumerable_Observable.csproj", "{01F2D9F8-C49B-4ECC-8439-FB6F7E07221F}"
EndProject
Project("{FAE04EC0-301F-11D3-BF4B-00C04F79EFBC}") = "IEnumerable_Prg", "IEnumerable_Prg\IEnumerable_Prg.csproj", "{50C6AB20-29B1-4382-A3D3-478397E92427}"
EndProject
Project("{FAE04EC0-301F-11D3-BF4B-00C04F79EFBC}") = "Directory_Navigator", "Directory_Navigator\Directory_Navigator.csproj", "{761389E6-BDE7-4AEB-89E8-88769F191EAA}"
EndProject
Project("{FAE04EC0-301F-11D3-BF4B-00C04F79EFBC}") = "FPExampleConsole", "FPExampleConsole\FPExampleConsole.csproj", "{BACF7354-85D5-41A7-81DC-D3DD3D902F25}"
EndProject
Project("{FAE04EC0-301F-11D3-BF4B-00C04F79EFBC}") = "SimpleWinForms", "SimpleWinForms\SimpleWinForms.csproj", "{078E49F8-D7AA-4B66-950B-1F47BEB29D32}"
EndProject
Project("{FAE04EC0-301F-11D3-BF4B-00C04F79EFBC}") = "WinFormsNonTrivialExample", "WinFormsNonTrivialExample\WinFormsNonTrivialExample.csproj", "{EC7579B0-8DF8-434C-A779-B8E0F069417A}"
EndProject
Project("{FAE04EC0-301F-11D3-BF4B-00C04F79EFBC}") = "SimpleWPFExample", "SimpleWPFExample\SimpleWPFExample.csproj", "{3CEC1584-12C3-47EB-BEFE-395DE40D94DE}"
EndProject
Global
	GlobalSection(SolutionConfigurationPlatforms) = preSolution
		Debug|Any CPU = Debug|Any CPU
		Release|Any CPU = Release|Any CPU
	EndGlobalSection
	GlobalSection(ProjectConfigurationPlatforms) = postSolution
		{616A8DD1-2DAA-4A62-AB6A-D143340C64DD}.Debug|Any CPU.ActiveCfg = Debug|Any CPU
		{616A8DD1-2DAA-4A62-AB6A-D143340C64DD}.Debug|Any CPU.Build.0 = Debug|Any CPU
		{616A8DD1-2DAA-4A62-AB6A-D143340C64DD}.Release|Any CPU.ActiveCfg = Release|Any CPU
		{616A8DD1-2DAA-4A62-AB6A-D143340C64DD}.Release|Any CPU.Build.0 = Release|Any CPU
		{6A8AA5DE-EEB6-4F2A-B584-58AAC6CFBD47}.Debug|Any CPU.ActiveCfg = Debug|Any CPU
		{6A8AA5DE-EEB6-4F2A-B584-58AAC6CFBD47}.Debug|Any CPU.Build.0 = Debug|Any CPU
		{6A8AA5DE-EEB6-4F2A-B584-58AAC6CFBD47}.Release|Any CPU.ActiveCfg = Release|Any CPU
		{6A8AA5DE-EEB6-4F2A-B584-58AAC6CFBD47}.Release|Any CPU.Build.0 = Release|Any CPU
		{01F2D9F8-C49B-4ECC-8439-FB6F7E07221F}.Debug|Any CPU.ActiveCfg = Debug|Any CPU
		{01F2D9F8-C49B-4ECC-8439-FB6F7E07221F}.Debug|Any CPU.Build.0 = Debug|Any CPU
		{01F2D9F8-C49B-4ECC-8439-FB6F7E07221F}.Release|Any CPU.ActiveCfg = Release|Any CPU
		{01F2D9F8-C49B-4ECC-8439-FB6F7E07221F}.Release|Any CPU.Build.0 = Release|Any CPU
		{50C6AB20-29B1-4382-A3D3-478397E92427}.Debug|Any CPU.ActiveCfg = Debug|Any CPU
		{50C6AB20-29B1-4382-A3D3-478397E92427}.Debug|Any CPU.Build.0 = Debug|Any CPU
		{50C6AB20-29B1-4382-A3D3-478397E92427}.Release|Any CPU.ActiveCfg = Release|Any CPU
		{50C6AB20-29B1-4382-A3D3-478397E92427}.Release|Any CPU.Build.0 = Release|Any CPU
		{761389E6-BDE7-4AEB-89E8-88769F191EAA}.Debug|Any CPU.ActiveCfg = Debug|Any CPU
		{761389E6-BDE7-4AEB-89E8-88769F191EAA}.Debug|Any CPU.Build.0 = Debug|Any CPU
		{761389E6-BDE7-4AEB-89E8-88769F191EAA}.Release|Any CPU.ActiveCfg = Release|Any CPU
		{761389E6-BDE7-4AEB-89E8-88769F191EAA}.Release|Any CPU.Build.0 = Release|Any CPU
		{BACF7354-85D5-41A7-81DC-D3DD3D902F25}.Debug|Any CPU.ActiveCfg = Debug|Any CPU
		{BACF7354-85D5-41A7-81DC-D3DD3D902F25}.Debug|Any CPU.Build.0 = Debug|Any CPU
		{BACF7354-85D5-41A7-81DC-D3DD3D902F25}.Release|Any CPU.ActiveCfg = Release|Any CPU
		{BACF7354-85D5-41A7-81DC-D3DD3D902F25}.Release|Any CPU.Build.0 = Release|Any CPU
		{078E49F8-D7AA-4B66-950B-1F47BEB29D32}.Debug|Any CPU.ActiveCfg = Debug|Any CPU
		{078E49F8-D7AA-4B66-950B-1F47BEB29D32}.Debug|Any CPU.Build.0 = Debug|Any CPU
		{078E49F8-D7AA-4B66-950B-1F47BEB29D32}.Release|Any CPU.ActiveCfg = Release|Any CPU
		{078E49F8-D7AA-4B66-950B-1F47BEB29D32}.Release|Any CPU.Build.0 = Release|Any CPU
		{EC7579B0-8DF8-434C-A779-B8E0F069417A}.Debug|Any CPU.ActiveCfg = Debug|Any CPU
		{EC7579B0-8DF8-434C-A779-B8E0F069417A}.Debug|Any CPU.Build.0 = Debug|Any CPU
		{EC7579B0-8DF8-434C-A779-B8E0F069417A}.Release|Any CPU.ActiveCfg = Release|Any CPU
		{EC7579B0-8DF8-434C-A779-B8E0F069417A}.Release|Any CPU.Build.0 = Release|Any CPU
		{3CEC1584-12C3-47EB-BEFE-395DE40D94DE}.Debug|Any CPU.ActiveCfg = Debug|Any CPU
		{3CEC1584-12C3-47EB-BEFE-395DE40D94DE}.Debug|Any CPU.Build.0 = Debug|Any CPU
		{3CEC1584-12C3-47EB-BEFE-395DE40D94DE}.Release|Any CPU.ActiveCfg = Release|Any CPU
		{3CEC1584-12C3-47EB-BEFE-395DE40D94DE}.Release|Any CPU.Build.0 = Release|Any CPU
	EndGlobalSection
	GlobalSection(SolutionProperties) = preSolution
		HideSolutionNode = FALSE
	EndGlobalSection
	GlobalSection(ExtensibilityGlobals) = postSolution
		SolutionGuid = {5C52315F-CC46-4BDE-B039-482772ED7261}
	EndGlobalSection
EndGlobal
